
Microsoft Visual Studio Solution File, Format Version 12.00
# Visual Studio Version 16
VisualStudioVersion = 16.0.30114.105
MinimumVisualStudioVersion = 10.0.40219.1
Project("{FAE04EC0-301F-11D3-BF4B-00C04F79EFBC}") = "SFModels", "SFModels\SFModels.csproj", "{5F8E8A50-FCBC-4D18-9CB5-A536D5C3848C}"
EndProject
Project("{FAE04EC0-301F-11D3-BF4B-00C04F79EFBC}") = "SFUI", "SFUI\SFUI.csproj", "{003AE949-D555-4022-83FF-D38C608C7CB3}"
EndProject
Project("{FAE04EC0-301F-11D3-BF4B-00C04F79EFBC}") = "RRDL", "RRDL\RRDL.csproj", "{A6145916-BBC0-4657-B0A1-7D1E8684300D}"
EndProject
Project("{FAE04EC0-301F-11D3-BF4B-00C04F79EFBC}") = "RRBL", "RRBL\RRBL.csproj", "{871A9F87-6ED2-420A-A922-387FAF5407FC}"
EndProject
Project("{FAE04EC0-301F-11D3-BF4B-00C04F79EFBC}") = "SFBL", "SFBL\SFBL.csproj", "{91075BE1-0B1F-4D82-929F-6860392B9236}"
EndProject
Project("{FAE04EC0-301F-11D3-BF4B-00C04F79EFBC}") = "SFDL", "SFDL\SFDL.csproj", "{401F675E-5F98-465B-98E3-9200D6ED4702}"
EndProject
Global
	GlobalSection(SolutionConfigurationPlatforms) = preSolution
		Debug|Any CPU = Debug|Any CPU
		Debug|x64 = Debug|x64
		Debug|x86 = Debug|x86
		Release|Any CPU = Release|Any CPU
		Release|x64 = Release|x64
		Release|x86 = Release|x86
	EndGlobalSection
	GlobalSection(SolutionProperties) = preSolution
		HideSolutionNode = FALSE
	EndGlobalSection
	GlobalSection(ProjectConfigurationPlatforms) = postSolution
		{5F8E8A50-FCBC-4D18-9CB5-A536D5C3848C}.Debug|Any CPU.ActiveCfg = Debug|Any CPU
		{5F8E8A50-FCBC-4D18-9CB5-A536D5C3848C}.Debug|Any CPU.Build.0 = Debug|Any CPU
		{5F8E8A50-FCBC-4D18-9CB5-A536D5C3848C}.Debug|x64.ActiveCfg = Debug|Any CPU
		{5F8E8A50-FCBC-4D18-9CB5-A536D5C3848C}.Debug|x64.Build.0 = Debug|Any CPU
		{5F8E8A50-FCBC-4D18-9CB5-A536D5C3848C}.Debug|x86.ActiveCfg = Debug|Any CPU
		{5F8E8A50-FCBC-4D18-9CB5-A536D5C3848C}.Debug|x86.Build.0 = Debug|Any CPU
		{5F8E8A50-FCBC-4D18-9CB5-A536D5C3848C}.Release|Any CPU.ActiveCfg = Release|Any CPU
		{5F8E8A50-FCBC-4D18-9CB5-A536D5C3848C}.Release|Any CPU.Build.0 = Release|Any CPU
		{5F8E8A50-FCBC-4D18-9CB5-A536D5C3848C}.Release|x64.ActiveCfg = Release|Any CPU
		{5F8E8A50-FCBC-4D18-9CB5-A536D5C3848C}.Release|x64.Build.0 = Release|Any CPU
		{5F8E8A50-FCBC-4D18-9CB5-A536D5C3848C}.Release|x86.ActiveCfg = Release|Any CPU
		{5F8E8A50-FCBC-4D18-9CB5-A536D5C3848C}.Release|x86.Build.0 = Release|Any CPU
		{003AE949-D555-4022-83FF-D38C608C7CB3}.Debug|Any CPU.ActiveCfg = Debug|Any CPU
		{003AE949-D555-4022-83FF-D38C608C7CB3}.Debug|Any CPU.Build.0 = Debug|Any CPU
		{003AE949-D555-4022-83FF-D38C608C7CB3}.Debug|x64.ActiveCfg = Debug|Any CPU
		{003AE949-D555-4022-83FF-D38C608C7CB3}.Debug|x64.Build.0 = Debug|Any CPU
		{003AE949-D555-4022-83FF-D38C608C7CB3}.Debug|x86.ActiveCfg = Debug|Any CPU
		{003AE949-D555-4022-83FF-D38C608C7CB3}.Debug|x86.Build.0 = Debug|Any CPU
		{003AE949-D555-4022-83FF-D38C608C7CB3}.Release|Any CPU.ActiveCfg = Release|Any CPU
		{003AE949-D555-4022-83FF-D38C608C7CB3}.Release|Any CPU.Build.0 = Release|Any CPU
		{003AE949-D555-4022-83FF-D38C608C7CB3}.Release|x64.ActiveCfg = Release|Any CPU
		{003AE949-D555-4022-83FF-D38C608C7CB3}.Release|x64.Build.0 = Release|Any CPU
		{003AE949-D555-4022-83FF-D38C608C7CB3}.Release|x86.ActiveCfg = Release|Any CPU
		{003AE949-D555-4022-83FF-D38C608C7CB3}.Release|x86.Build.0 = Release|Any CPU
		{A6145916-BBC0-4657-B0A1-7D1E8684300D}.Debug|Any CPU.ActiveCfg = Debug|Any CPU
		{A6145916-BBC0-4657-B0A1-7D1E8684300D}.Debug|Any CPU.Build.0 = Debug|Any CPU
		{A6145916-BBC0-4657-B0A1-7D1E8684300D}.Debug|x64.ActiveCfg = Debug|Any CPU
		{A6145916-BBC0-4657-B0A1-7D1E8684300D}.Debug|x64.Build.0 = Debug|Any CPU
		{A6145916-BBC0-4657-B0A1-7D1E8684300D}.Debug|x86.ActiveCfg = Debug|Any CPU
		{A6145916-BBC0-4657-B0A1-7D1E8684300D}.Debug|x86.Build.0 = Debug|Any CPU
		{A6145916-BBC0-4657-B0A1-7D1E8684300D}.Release|Any CPU.ActiveCfg = Release|Any CPU
		{A6145916-BBC0-4657-B0A1-7D1E8684300D}.Release|Any CPU.Build.0 = Release|Any CPU
		{A6145916-BBC0-4657-B0A1-7D1E8684300D}.Release|x64.ActiveCfg = Release|Any CPU
		{A6145916-BBC0-4657-B0A1-7D1E8684300D}.Release|x64.Build.0 = Release|Any CPU
		{A6145916-BBC0-4657-B0A1-7D1E8684300D}.Release|x86.ActiveCfg = Release|Any CPU
		{A6145916-BBC0-4657-B0A1-7D1E8684300D}.Release|x86.Build.0 = Release|Any CPU
		{871A9F87-6ED2-420A-A922-387FAF5407FC}.Debug|Any CPU.ActiveCfg = Debug|Any CPU
		{871A9F87-6ED2-420A-A922-387FAF5407FC}.Debug|Any CPU.Build.0 = Debug|Any CPU
		{871A9F87-6ED2-420A-A922-387FAF5407FC}.Debug|x64.ActiveCfg = Debug|Any CPU
		{871A9F87-6ED2-420A-A922-387FAF5407FC}.Debug|x64.Build.0 = Debug|Any CPU
		{871A9F87-6ED2-420A-A922-387FAF5407FC}.Debug|x86.ActiveCfg = Debug|Any CPU
		{871A9F87-6ED2-420A-A922-387FAF5407FC}.Debug|x86.Build.0 = Debug|Any CPU
		{871A9F87-6ED2-420A-A922-387FAF5407FC}.Release|Any CPU.ActiveCfg = Release|Any CPU
		{871A9F87-6ED2-420A-A922-387FAF5407FC}.Release|Any CPU.Build.0 = Release|Any CPU
		{871A9F87-6ED2-420A-A922-387FAF5407FC}.Release|x64.ActiveCfg = Release|Any CPU
		{871A9F87-6ED2-420A-A922-387FAF5407FC}.Release|x64.Build.0 = Release|Any CPU
		{871A9F87-6ED2-420A-A922-387FAF5407FC}.Release|x86.ActiveCfg = Release|Any CPU
		{871A9F87-6ED2-420A-A922-387FAF5407FC}.Release|x86.Build.0 = Release|Any CPU
		{91075BE1-0B1F-4D82-929F-6860392B9236}.Debug|Any CPU.ActiveCfg = Debug|Any CPU
		{91075BE1-0B1F-4D82-929F-6860392B9236}.Debug|Any CPU.Build.0 = Debug|Any CPU
		{91075BE1-0B1F-4D82-929F-6860392B9236}.Debug|x64.ActiveCfg = Debug|Any CPU
		{91075BE1-0B1F-4D82-929F-6860392B9236}.Debug|x64.Build.0 = Debug|Any CPU
		{91075BE1-0B1F-4D82-929F-6860392B9236}.Debug|x86.ActiveCfg = Debug|Any CPU
		{91075BE1-0B1F-4D82-929F-6860392B9236}.Debug|x86.Build.0 = Debug|Any CPU
		{91075BE1-0B1F-4D82-929F-6860392B9236}.Release|Any CPU.ActiveCfg = Release|Any CPU
		{91075BE1-0B1F-4D82-929F-6860392B9236}.Release|Any CPU.Build.0 = Release|Any CPU
		{91075BE1-0B1F-4D82-929F-6860392B9236}.Release|x64.ActiveCfg = Release|Any CPU
		{91075BE1-0B1F-4D82-929F-6860392B9236}.Release|x64.Build.0 = Release|Any CPU
		{91075BE1-0B1F-4D82-929F-6860392B9236}.Release|x86.ActiveCfg = Release|Any CPU
		{91075BE1-0B1F-4D82-929F-6860392B9236}.Release|x86.Build.0 = Release|Any CPU
		{401F675E-5F98-465B-98E3-9200D6ED4702}.Debug|Any CPU.ActiveCfg = Debug|Any CPU
		{401F675E-5F98-465B-98E3-9200D6ED4702}.Debug|Any CPU.Build.0 = Debug|Any CPU
		{401F675E-5F98-465B-98E3-9200D6ED4702}.Debug|x64.ActiveCfg = Debug|Any CPU
		{401F675E-5F98-465B-98E3-9200D6ED4702}.Debug|x64.Build.0 = Debug|Any CPU
		{401F675E-5F98-465B-98E3-9200D6ED4702}.Debug|x86.ActiveCfg = Debug|Any CPU
		{401F675E-5F98-465B-98E3-9200D6ED4702}.Debug|x86.Build.0 = Debug|Any CPU
		{401F675E-5F98-465B-98E3-9200D6ED4702}.Release|Any CPU.ActiveCfg = Release|Any CPU
		{401F675E-5F98-465B-98E3-9200D6ED4702}.Release|Any CPU.Build.0 = Release|Any CPU
		{401F675E-5F98-465B-98E3-9200D6ED4702}.Release|x64.ActiveCfg = Release|Any CPU
		{401F675E-5F98-465B-98E3-9200D6ED4702}.Release|x64.Build.0 = Release|Any CPU
		{401F675E-5F98-465B-98E3-9200D6ED4702}.Release|x86.ActiveCfg = Release|Any CPU
		{401F675E-5F98-465B-98E3-9200D6ED4702}.Release|x86.Build.0 = Release|Any CPU
	EndGlobalSection
EndGlobal
